
Microsoft Visual Studio Solution File, Format Version 12.00
# Visual Studio 15
VisualStudioVersion = 15.0.28010.2036
MinimumVisualStudioVersion = 10.0.40219.1
Project("{FAE04EC0-301F-11D3-BF4B-00C04F79EFBC}") = "RobotService", "RobotService\RobotService.csproj", "{6F204CB0-FF9B-4915-97E6-C2E9E5BC6E07}"
EndProject
Global
	GlobalSection(SolutionConfigurationPlatforms) = preSolution
		Debug|Any CPU = Debug|Any CPU
		Release|Any CPU = Release|Any CPU
	EndGlobalSection
	GlobalSection(ProjectConfigurationPlatforms) = postSolution
		{6F204CB0-FF9B-4915-97E6-C2E9E5BC6E07}.Debug|Any CPU.ActiveCfg = Debug|Any CPU
		{6F204CB0-FF9B-4915-97E6-C2E9E5BC6E07}.Debug|Any CPU.Build.0 = Debug|Any CPU
		{6F204CB0-FF9B-4915-97E6-C2E9E5BC6E07}.Release|Any CPU.ActiveCfg = Release|Any CPU
		{6F204CB0-FF9B-4915-97E6-C2E9E5BC6E07}.Release|Any CPU.Build.0 = Release|Any CPU
	EndGlobalSection
	GlobalSection(SolutionProperties) = preSolution
		HideSolutionNode = FALSE
	EndGlobalSection
	GlobalSection(ExtensibilityGlobals) = postSolution
		SolutionGuid = {1930F633-9759-455C-841D-07BF91874E8A}
	EndGlobalSection
EndGlobal
